
Microsoft Visual Studio Solution File, Format Version 12.00
# Visual Studio Version 17
VisualStudioVersion = 17.9.34723.18
MinimumVisualStudioVersion = 10.0.40219.1
Project("{FAE04EC0-301F-11D3-BF4B-00C04F79EFBC}") = "LR_1", "LR_1.csproj", "{8068AEAB-EB72-4470-BC7B-3048FFE51420}"
EndProject
Global
	GlobalSection(SolutionConfigurationPlatforms) = preSolution
		Debug|Any CPU = Debug|Any CPU
		Release|Any CPU = Release|Any CPU
	EndGlobalSection
	GlobalSection(ProjectConfigurationPlatforms) = postSolution
		{8068AEAB-EB72-4470-BC7B-3048FFE51420}.Debug|Any CPU.ActiveCfg = Debug|Any CPU
		{8068AEAB-EB72-4470-BC7B-3048FFE51420}.Debug|Any CPU.Build.0 = Debug|Any CPU
		{8068AEAB-EB72-4470-BC7B-3048FFE51420}.Release|Any CPU.ActiveCfg = Release|Any CPU
		{8068AEAB-EB72-4470-BC7B-3048FFE51420}.Release|Any CPU.Build.0 = Release|Any CPU
	EndGlobalSection
	GlobalSection(SolutionProperties) = preSolution
		HideSolutionNode = FALSE
	EndGlobalSection
	GlobalSection(ExtensibilityGlobals) = postSolution
		SolutionGuid = {69F39B86-4E33-47D5-B8FB-72F20CA4D61B}
	EndGlobalSection
EndGlobal
